// !$*UTF8*$!
{
	archiveVersion = 1;
	classes = {
	};
	objectVersion = 50;
	objects = {

/* Begin PBXBuildFile section */
		FE219D1E21C2DEFF00C91FFB /* main.cpp in Sources */ = {isa = PBXBuildFile; fileRef = FE219D1D21C2DEFF00C91FFB /* main.cpp */; };
		FE219D2B21C2E04200C91FFB /* council.cpp in Sources */ = {isa = PBXBuildFile; fileRef = FE219D2921C2E04200C91FFB /* council.cpp */; };
/* End PBXBuildFile section */

/* Begin PBXCopyFilesBuildPhase section */
		FE219D1821C2DEFF00C91FFB /* CopyFiles */ = {
			isa = PBXCopyFilesBuildPhase;
			buildActionMask = 2147483647;
			dstPath = /usr/share/man/man1/;
			dstSubfolderSpec = 0;
			files = (
			);
			runOnlyForDeploymentPostprocessing = 1;
		};
/* End PBXCopyFilesBuildPhase section */

/* Begin PBXFileReference section */
		FE219D1A21C2DEFF00C91FFB /* Council_of_three_neural_networks */ = {isa = PBXFileReference; explicitFileType = "compiled.mach-o.executable"; includeInIndex = 0; path = Council_of_three_neural_networks; sourceTree = BUILT_PRODUCTS_DIR; };
		FE219D1D21C2DEFF00C91FFB /* main.cpp */ = {isa = PBXFileReference; lastKnownFileType = sourcecode.cpp.cpp; path = main.cpp; sourceTree = "<group>"; };
		FE219D2521C2DF5D00C91FFB /* network */ = {isa = PBXFileReference; lastKnownFileType = folder; path = network; sourceTree = "<group>"; };
		FE219D2921C2E04200C91FFB /* council.cpp */ = {isa = PBXFileReference; lastKnownFileType = sourcecode.cpp.cpp; path = council.cpp; sourceTree = "<group>"; };
		FE219D2A21C2E04200C91FFB /* council.hpp */ = {isa = PBXFileReference; lastKnownFileType = sourcecode.cpp.h; path = council.hpp; sourceTree = "<group>"; };
		FE219D2C21C2E10D00C91FFB /* README.md */ = {isa = PBXFileReference; lastKnownFileType = net.daringfireball.markdown; path = README.md; sourceTree = "<group>"; };
		FE219D2D21C2F96D00C91FFB /* mnist */ = {isa = PBXFileReference; lastKnownFileType = folder; path = mnist; sourceTree = "<group>"; };
/* End PBXFileReference section */

/* Begin PBXFrameworksBuildPhase section */
		FE219D1721C2DEFF00C91FFB /* Frameworks */ = {
			isa = PBXFrameworksBuildPhase;
			buildActionMask = 2147483647;
			files = (
			);
			runOnlyForDeploymentPostprocessing = 0;
		};
/* End PBXFrameworksBuildPhase section */

/* Begin PBXGroup section */
		FE219D1121C2DEFF00C91FFB = {
			isa = PBXGroup;
			children = (
				FE219D2C21C2E10D00C91FFB /* README.md */,
				FE219D1C21C2DEFF00C91FFB /* Council_of_three_neural_networks */,
				FE219D1B21C2DEFF00C91FFB /* Products */,
			);
			sourceTree = "<group>";
		};
		FE219D1B21C2DEFF00C91FFB /* Products */ = {
			isa = PBXGroup;
			children = (
				FE219D1A21C2DEFF00C91FFB /* Council_of_three_neural_networks */,
			);
			name = Products;
			sourceTree = "<group>";
		};
		FE219D1C21C2DEFF00C91FFB /* Council_of_three_neural_networks */ = {
			isa = PBXGroup;
			children = (
				FE219D1D21C2DEFF00C91FFB /* main.cpp */,
				FE219D2D21C2F96D00C91FFB /* mnist */,
				FE219D2821C2E01B00C91FFB /* council */,
				FE219D2521C2DF5D00C91FFB /* network */,
			);
			path = Council_of_three_neural_networks;
			sourceTree = "<group>";
		};
		FE219D2821C2E01B00C91FFB /* council */ = {
			isa = PBXGroup;
			children = (
				FE219D2921C2E04200C91FFB /* council.cpp */,
				FE219D2A21C2E04200C91FFB /* council.hpp */,
			);
			path = council;
			sourceTree = "<group>";
		};
/* End PBXGroup section */

/* Begin PBXNativeTarget section */
		FE219D1921C2DEFF00C91FFB /* Council_of_three_neural_networks */ = {
			isa = PBXNativeTarget;
			buildConfigurationList = FE219D2121C2DEFF00C91FFB /* Build configuration list for PBXNativeTarget "Council_of_three_neural_networks" */;
			buildPhases = (
				FE219D1621C2DEFF00C91FFB /* Sources */,
				FE219D1721C2DEFF00C91FFB /* Frameworks */,
				FE219D1821C2DEFF00C91FFB /* CopyFiles */,
			);
			buildRules = (
			);
			dependencies = (
			);
			name = Council_of_three_neural_networks;
			productName = Council_of_three_neural_networks;
			productReference = FE219D1A21C2DEFF00C91FFB /* Council_of_three_neural_networks */;
			productType = "com.apple.product-type.tool";
		};
/* End PBXNativeTarget section */

/* Begin PBXProject section */
		FE219D1221C2DEFF00C91FFB /* Project object */ = {
			isa = PBXProject;
			attributes = {
				LastUpgradeCheck = 1010;
				ORGANIZATIONNAME = "Артём Семёнов";
				TargetAttributes = {
					FE219D1921C2DEFF00C91FFB = {
						CreatedOnToolsVersion = 10.1;
					};
				};
			};
			buildConfigurationList = FE219D1521C2DEFF00C91FFB /* Build configuration list for PBXProject "Council_of_three_neural_networks" */;
			compatibilityVersion = "Xcode 9.3";
			developmentRegion = en;
			hasScannedForEncodings = 0;
			knownRegions = (
				en,
			);
			mainGroup = FE219D1121C2DEFF00C91FFB;
			productRefGroup = FE219D1B21C2DEFF00C91FFB /* Products */;
			projectDirPath = "";
			projectRoot = "";
			targets = (
				FE219D1921C2DEFF00C91FFB /* Council_of_three_neural_networks */,
			);
		};
/* End PBXProject section */

/* Begin PBXSourcesBuildPhase section */
		FE219D1621C2DEFF00C91FFB /* Sources */ = {
			isa = PBXSourcesBuildPhase;
			buildActionMask = 2147483647;
			files = (
				FE219D1E21C2DEFF00C91FFB /* main.cpp in Sources */,
				FE219D2B21C2E04200C91FFB /* council.cpp in Sources */,
			);
			runOnlyForDeploymentPostprocessing = 0;
		};
/* End PBXSourcesBuildPhase section */

/* Begin XCBuildConfiguration section */
		FE219D1F21C2DEFF00C91FFB /* Debug */ = {
			isa = XCBuildConfiguration;
			buildSettings = {
				ALWAYS_SEARCH_USER_PATHS = NO;
				CLANG_ANALYZER_NONNULL = YES;
				CLANG_ANALYZER_NUMBER_OBJECT_CONVERSION = YES_AGGRESSIVE;
				CLANG_CXX_LANGUAGE_STANDARD = "gnu++14";
				CLANG_CXX_LIBRARY = "libc++";
				CLANG_ENABLE_MODULES = YES;
				CLANG_ENABLE_OBJC_ARC = YES;
				CLANG_ENABLE_OBJC_WEAK = YES;
				CLANG_WARN_BLOCK_CAPTURE_AUTORELEASING = YES;
				CLANG_WARN_BOOL_CONVERSION = YES;
				CLANG_WARN_COMMA = YES;
				CLANG_WARN_CONSTANT_CONVERSION = YES;
				CLANG_WARN_DEPRECATED_OBJC_IMPLEMENTATIONS = YES;
				CLANG_WARN_DIRECT_OBJC_ISA_USAGE = YES_ERROR;
				CLANG_WARN_DOCUMENTATION_COMMENTS = YES;
				CLANG_WARN_EMPTY_BODY = YES;
				CLANG_WARN_ENUM_CONVERSION = YES;
				CLANG_WARN_INFINITE_RECURSION = YES;
				CLANG_WARN_INT_CONVERSION = YES;
				CLANG_WARN_NON_LITERAL_NULL_CONVERSION = YES;
				CLANG_WARN_OBJC_IMPLICIT_RETAIN_SELF = YES;
				CLANG_WARN_OBJC_LITERAL_CONVERSION = YES;
				CLANG_WARN_OBJC_ROOT_CLASS = YES_ERROR;
				CLANG_WARN_RANGE_LOOP_ANALYSIS = YES;
				CLANG_WARN_STRICT_PROTOTYPES = YES;
				CLANG_WARN_SUSPICIOUS_MOVE = YES;
				CLANG_WARN_UNGUARDED_AVAILABILITY = YES_AGGRESSIVE;
				CLANG_WARN_UNREACHABLE_CODE = YES;
				CLANG_WARN__DUPLICATE_METHOD_MATCH = YES;
				CODE_SIGN_IDENTITY = "Mac Developer";
				COPY_PHASE_STRIP = NO;
				DEBUG_INFORMATION_FORMAT = dwarf;
				ENABLE_STRICT_OBJC_MSGSEND = YES;
				ENABLE_TESTABILITY = YES;
				GCC_C_LANGUAGE_STANDARD = gnu11;
				GCC_DYNAMIC_NO_PIC = NO;
				GCC_NO_COMMON_BLOCKS = YES;
				GCC_OPTIMIZATION_LEVEL = 0;
				GCC_PREPROCESSOR_DEFINITIONS = (
					"DEBUG=1",
					"$(inherited)",
				);
				GCC_WARN_64_TO_32_BIT_CONVERSION = YES;
				GCC_WARN_ABOUT_RETURN_TYPE = YES_ERROR;
				GCC_WARN_UNDECLARED_SELECTOR = YES;
				GCC_WARN_UNINITIALIZED_AUTOS = YES_AGGRESSIVE;
				GCC_WARN_UNUSED_FUNCTION = YES;
				GCC_WARN_UNUSED_VARIABLE = YES;
				MACOSX_DEPLOYMENT_TARGET = 10.14;
				MTL_ENABLE_DEBUG_INFO = INCLUDE_SOURCE;
				MTL_FAST_MATH = YES;
				ONLY_ACTIVE_ARCH = YES;
				SDKROOT = macosx;
			};
			name = Debug;
		};
		FE219D2021C2DEFF00C91FFB /* Release */ = {
			isa = XCBuildConfiguration;
			buildSettings = {
				ALWAYS_SEARCH_USER_PATHS = NO;
				CLANG_ANALYZER_NONNULL = YES;
				CLANG_ANALYZER_NUMBER_OBJECT_CONVERSION = YES_AGGRESSIVE;
				CLANG_CXX_LANGUAGE_STANDARD = "gnu++14";
				CLANG_CXX_LIBRARY = "libc++";
				CLANG_ENABLE_MODULES = YES;
				CLANG_ENABLE_OBJC_ARC = YES;
				CLANG_ENABLE_OBJC_WEAK = YES;
				CLANG_WARN_BLOCK_CAPTURE_AUTORELEASING = YES;
				CLANG_WARN_BOOL_CONVERSION = YES;
				CLANG_WARN_COMMA = YES;
				CLANG_WARN_CONSTANT_CONVERSION = YES;
				CLANG_WARN_DEPRECATED_OBJC_IMPLEMENTATIONS = YES;
				CLANG_WARN_DIRECT_OBJC_ISA_USAGE = YES_ERROR;
				CLANG_WARN_DOCUMENTATION_COMMENTS = YES;
				CLANG_WARN_EMPTY_BODY = YES;
				CLANG_WARN_ENUM_CONVERSION = YES;
				CLANG_WARN_INFINITE_RECURSION = YES;
				CLANG_WARN_INT_CONVERSION = YES;
				CLANG_WARN_NON_LITERAL_NULL_CONVERSION = YES;
				CLANG_WARN_OBJC_IMPLICIT_RETAIN_SELF = YES;
				CLANG_WARN_OBJC_LITERAL_CONVERSION = YES;
				CLANG_WARN_OBJC_ROOT_CLASS = YES_ERROR;
				CLANG_WARN_RANGE_LOOP_ANALYSIS = YES;
				CLANG_WARN_STRICT_PROTOTYPES = YES;
				CLANG_WARN_SUSPICIOUS_MOVE = YES;
				CLANG_WARN_UNGUARDED_AVAILABILITY = YES_AGGRESSIVE;
				CLANG_WARN_UNREACHABLE_CODE = YES;
				CLANG_WARN__DUPLICATE_METHOD_MATCH = YES;
				CODE_SIGN_IDENTITY = "Mac Developer";
				COPY_PHASE_STRIP = NO;
				DEBUG_INFORMATION_FORMAT = "dwarf-with-dsym";
				ENABLE_NS_ASSERTIONS = NO;
				ENABLE_STRICT_OBJC_MSGSEND = YES;
				GCC_C_LANGUAGE_STANDARD = gnu11;
				GCC_NO_COMMON_BLOCKS = YES;
				GCC_WARN_64_TO_32_BIT_CONVERSION = YES;
				GCC_WARN_ABOUT_RETURN_TYPE = YES_ERROR;
				GCC_WARN_UNDECLARED_SELECTOR = YES;
				GCC_WARN_UNINITIALIZED_AUTOS = YES_AGGRESSIVE;
				GCC_WARN_UNUSED_FUNCTION = YES;
				GCC_WARN_UNUSED_VARIABLE = YES;
				MACOSX_DEPLOYMENT_TARGET = 10.14;
				MTL_ENABLE_DEBUG_INFO = NO;
				MTL_FAST_MATH = YES;
				SDKROOT = macosx;
			};
			name = Release;
		};
		FE219D2221C2DEFF00C91FFB /* Debug */ = {
			isa = XCBuildConfiguration;
			buildSettings = {
				CODE_SIGN_STYLE = Automatic;
				DEVELOPMENT_TEAM = 3KRK236DU7;
				PRODUCT_NAME = "$(TARGET_NAME)";
			};
			name = Debug;
		};
		FE219D2321C2DEFF00C91FFB /* Release */ = {
			isa = XCBuildConfiguration;
			buildSettings = {
				CODE_SIGN_STYLE = Automatic;
				DEVELOPMENT_TEAM = 3KRK236DU7;
				PRODUCT_NAME = "$(TARGET_NAME)";
			};
			name = Release;
		};
/* End XCBuildConfiguration section */

/* Begin XCConfigurationList section */
		FE219D1521C2DEFF00C91FFB /* Build configuration list for PBXProject "Council_of_three_neural_networks" */ = {
			isa = XCConfigurationList;
			buildConfigurations = (
				FE219D1F21C2DEFF00C91FFB /* Debug */,
				FE219D2021C2DEFF00C91FFB /* Release */,
			);
			defaultConfigurationIsVisible = 0;
			defaultConfigurationName = Release;
		};
		FE219D2121C2DEFF00C91FFB /* Build configuration list for PBXNativeTarget "Council_of_three_neural_networks" */ = {
			isa = XCConfigurationList;
			buildConfigurations = (
				FE219D2221C2DEFF00C91FFB /* Debug */,
				FE219D2321C2DEFF00C91FFB /* Release */,
			);
			defaultConfigurationIsVisible = 0;
			defaultConfigurationName = Release;
		};
/* End XCConfigurationList section */
	};
	rootObject = FE219D1221C2DEFF00C91FFB /* Project object */;
}
